// !$*UTF8*$!
{
	archiveVersion = 1;
	classes = {
	};
	objectVersion = 56;
	objects = {

/* Begin PBXBuildFile section */
		9D8F2A582C6F031A0024BA51 /* AppDelegate.swift in Sources */ = {isa = PBXBuildFile; fileRef = 9D8F2A572C6F031A0024BA51 /* AppDelegate.swift */; };
		9D8F2A5A2C6F031A0024BA51 /* SceneDelegate.swift in Sources */ = {isa = PBXBuildFile; fileRef = 9D8F2A592C6F031A0024BA51 /* SceneDelegate.swift */; };
		9D8F2A5C2C6F031A0024BA51 /* HomeViewController.swift in Sources */ = {isa = PBXBuildFile; fileRef = 9D8F2A5B2C6F031A0024BA51 /* HomeViewController.swift */; };
		9D8F2A5F2C6F031A0024BA51 /* Base in Resources */ = {isa = PBXBuildFile; fileRef = 9D8F2A5E2C6F031A0024BA51 /* Base */; };
		9D8F2A612C6F031A0024BA51 /* Assets.xcassets in Resources */ = {isa = PBXBuildFile; fileRef = 9D8F2A602C6F031A0024BA51 /* Assets.xcassets */; };
		9D8F2A642C6F031A0024BA51 /* Base in Resources */ = {isa = PBXBuildFile; fileRef = 9D8F2A632C6F031A0024BA51 /* Base */; };
		9D8F2A6F2C6F258C0024BA51 /* ImageViewController.swift in Sources */ = {isa = PBXBuildFile; fileRef = 9D8F2A6E2C6F258C0024BA51 /* ImageViewController.swift */; };
		9D8F2A712C6F27990024BA51 /* CollectionViewCell.swift in Sources */ = {isa = PBXBuildFile; fileRef = 9D8F2A702C6F27990024BA51 /* CollectionViewCell.swift */; };
		9D8F2A762C6F71E70024BA51 /* Database.xcdatamodeld in Sources */ = {isa = PBXBuildFile; fileRef = 9D8F2A742C6F71E70024BA51 /* Database.xcdatamodeld */; };
		9D8F2A782C6F721C0024BA51 /* CoreDataManager.swift in Sources */ = {isa = PBXBuildFile; fileRef = 9D8F2A772C6F721C0024BA51 /* CoreDataManager.swift */; };
		9D8F2A7A2C6F781F0024BA51 /* ImageViewController + CollectionView.swift in Sources */ = {isa = PBXBuildFile; fileRef = 9D8F2A792C6F781F0024BA51 /* ImageViewController + CollectionView.swift */; };
		9DAC72552C71F06500DAE5AB /* DogPicsLibrary in Frameworks */ = {isa = PBXBuildFile; productRef = 9DAC72542C71F06500DAE5AB /* DogPicsLibrary */; };
		9DDF4F642C707A2000703BB7 /* ImageControllerViewModel.swift in Sources */ = {isa = PBXBuildFile; fileRef = 9DDF4F632C707A2000703BB7 /* ImageControllerViewModel.swift */; };
		9DDF4F662C707ABB00703BB7 /* ImageService.swift in Sources */ = {isa = PBXBuildFile; fileRef = 9DDF4F652C707ABB00703BB7 /* ImageService.swift */; };
/* End PBXBuildFile section */

/* Begin PBXFileReference section */
		9D8F2A542C6F031A0024BA51 /* FetchImages.app */ = {isa = PBXFileReference; explicitFileType = wrapper.application; includeInIndex = 0; path = FetchImages.app; sourceTree = BUILT_PRODUCTS_DIR; };
		9D8F2A572C6F031A0024BA51 /* AppDelegate.swift */ = {isa = PBXFileReference; lastKnownFileType = sourcecode.swift; path = AppDelegate.swift; sourceTree = "<group>"; };
		9D8F2A592C6F031A0024BA51 /* SceneDelegate.swift */ = {isa = PBXFileReference; lastKnownFileType = sourcecode.swift; path = SceneDelegate.swift; sourceTree = "<group>"; };
		9D8F2A5B2C6F031A0024BA51 /* HomeViewController.swift */ = {isa = PBXFileReference; lastKnownFileType = sourcecode.swift; path = HomeViewController.swift; sourceTree = "<group>"; };
		9D8F2A5E2C6F031A0024BA51 /* Base */ = {isa = PBXFileReference; lastKnownFileType = file.storyboard; name = Base; path = Base.lproj/Main.storyboard; sourceTree = "<group>"; };
		9D8F2A602C6F031A0024BA51 /* Assets.xcassets */ = {isa = PBXFileReference; lastKnownFileType = folder.assetcatalog; path = Assets.xcassets; sourceTree = "<group>"; };
		9D8F2A632C6F031A0024BA51 /* Base */ = {isa = PBXFileReference; lastKnownFileType = file.storyboard; name = Base; path = Base.lproj/LaunchScreen.storyboard; sourceTree = "<group>"; };
		9D8F2A652C6F031A0024BA51 /* Info.plist */ = {isa = PBXFileReference; lastKnownFileType = text.plist.xml; path = Info.plist; sourceTree = "<group>"; };
		9D8F2A6E2C6F258C0024BA51 /* ImageViewController.swift */ = {isa = PBXFileReference; lastKnownFileType = sourcecode.swift; path = ImageViewController.swift; sourceTree = "<group>"; };
		9D8F2A702C6F27990024BA51 /* CollectionViewCell.swift */ = {isa = PBXFileReference; lastKnownFileType = sourcecode.swift; path = CollectionViewCell.swift; sourceTree = "<group>"; };
		9D8F2A752C6F71E70024BA51 /* Database.xcdatamodel */ = {isa = PBXFileReference; lastKnownFileType = wrapper.xcdatamodel; path = Database.xcdatamodel; sourceTree = "<group>"; };
		9D8F2A772C6F721C0024BA51 /* CoreDataManager.swift */ = {isa = PBXFileReference; lastKnownFileType = sourcecode.swift; path = CoreDataManager.swift; sourceTree = "<group>"; };
		9D8F2A792C6F781F0024BA51 /* ImageViewController + CollectionView.swift */ = {isa = PBXFileReference; lastKnownFileType = sourcecode.swift; path = "ImageViewController + CollectionView.swift"; sourceTree = "<group>"; };
		9DDF4F632C707A2000703BB7 /* ImageControllerViewModel.swift */ = {isa = PBXFileReference; lastKnownFileType = sourcecode.swift; path = ImageControllerViewModel.swift; sourceTree = "<group>"; };
		9DDF4F652C707ABB00703BB7 /* ImageService.swift */ = {isa = PBXFileReference; lastKnownFileType = sourcecode.swift; path = ImageService.swift; sourceTree = "<group>"; };
/* End PBXFileReference section */

/* Begin PBXFrameworksBuildPhase section */
		9D8F2A512C6F031A0024BA51 /* Frameworks */ = {
			isa = PBXFrameworksBuildPhase;
			buildActionMask = 2147483647;
			files = (
				9DAC72552C71F06500DAE5AB /* DogPicsLibrary in Frameworks */,
			);
			runOnlyForDeploymentPostprocessing = 0;
		};
/* End PBXFrameworksBuildPhase section */

/* Begin PBXGroup section */
		9D8F2A4B2C6F03190024BA51 = {
			isa = PBXGroup;
			children = (
				9D8F2A562C6F031A0024BA51 /* FetchImages */,
				9D8F2A552C6F031A0024BA51 /* Products */,
				9DAC72502C71EFD100DAE5AB /* Frameworks */,
			);
			sourceTree = "<group>";
		};
		9D8F2A552C6F031A0024BA51 /* Products */ = {
			isa = PBXGroup;
			children = (
				9D8F2A542C6F031A0024BA51 /* FetchImages.app */,
			);
			name = Products;
			sourceTree = "<group>";
		};
		9D8F2A562C6F031A0024BA51 /* FetchImages */ = {
			isa = PBXGroup;
			children = (
				9DDF4F602C70472E00703BB7 /* App and Scene Delegate */,
				9DDF4F5C2C7046D000703BB7 /* Views */,
				9DDF4F5F2C70471900703BB7 /* Model */,
				9DDF4F622C70491000703BB7 /* Assets */,
				9D8F2A622C6F031A0024BA51 /* LaunchScreen.storyboard */,
				9D8F2A652C6F031A0024BA51 /* Info.plist */,
			);
			path = FetchImages;
			sourceTree = "<group>";
		};
		9DAC72502C71EFD100DAE5AB /* Frameworks */ = {
			isa = PBXGroup;
			children = (
			);
			name = Frameworks;
			sourceTree = "<group>";
		};
		9DDF4F5C2C7046D000703BB7 /* Views */ = {
			isa = PBXGroup;
			children = (
				9DDF4F612C7048E900703BB7 /* ViewController */,
				9DDF4F5E2C7046ED00703BB7 /* DogImageView */,
				9DDF4F5D2C7046DF00703BB7 /* Storyboards */,
			);
			path = Views;
			sourceTree = "<group>";
		};
		9DDF4F5D2C7046DF00703BB7 /* Storyboards */ = {
			isa = PBXGroup;
			children = (
				9D8F2A5D2C6F031A0024BA51 /* Main.storyboard */,
			);
			path = Storyboards;
			sourceTree = "<group>";
		};
		9DDF4F5E2C7046ED00703BB7 /* DogImageView */ = {
			isa = PBXGroup;
			children = (
				9D8F2A6E2C6F258C0024BA51 /* ImageViewController.swift */,
				9DDF4F632C707A2000703BB7 /* ImageControllerViewModel.swift */,
				9D8F2A792C6F781F0024BA51 /* ImageViewController + CollectionView.swift */,
				9D8F2A702C6F27990024BA51 /* CollectionViewCell.swift */,
			);
			path = DogImageView;
			sourceTree = "<group>";
		};
		9DDF4F5F2C70471900703BB7 /* Model */ = {
			isa = PBXGroup;
			children = (
				9D8F2A772C6F721C0024BA51 /* CoreDataManager.swift */,
				9DDF4F652C707ABB00703BB7 /* ImageService.swift */,
				9D8F2A742C6F71E70024BA51 /* Database.xcdatamodeld */,
			);
			path = Model;
			sourceTree = "<group>";
		};
		9DDF4F602C70472E00703BB7 /* App and Scene Delegate */ = {
			isa = PBXGroup;
			children = (
				9D8F2A572C6F031A0024BA51 /* AppDelegate.swift */,
				9D8F2A592C6F031A0024BA51 /* SceneDelegate.swift */,
			);
			path = "App and Scene Delegate";
			sourceTree = "<group>";
		};
		9DDF4F612C7048E900703BB7 /* ViewController */ = {
			isa = PBXGroup;
			children = (
				9D8F2A5B2C6F031A0024BA51 /* HomeViewController.swift */,
			);
			path = ViewController;
			sourceTree = "<group>";
		};
		9DDF4F622C70491000703BB7 /* Assets */ = {
			isa = PBXGroup;
			children = (
				9D8F2A602C6F031A0024BA51 /* Assets.xcassets */,
			);
			path = Assets;
			sourceTree = "<group>";
		};
/* End PBXGroup section */

/* Begin PBXNativeTarget section */
		9D8F2A532C6F031A0024BA51 /* FetchImages */ = {
			isa = PBXNativeTarget;
			buildConfigurationList = 9D8F2A682C6F031A0024BA51 /* Build configuration list for PBXNativeTarget "FetchImages" */;
			buildPhases = (
				9D8F2A502C6F031A0024BA51 /* Sources */,
				9D8F2A512C6F031A0024BA51 /* Frameworks */,
				9D8F2A522C6F031A0024BA51 /* Resources */,
			);
			buildRules = (
			);
			dependencies = (
			);
			name = FetchImages;
			packageProductDependencies = (
				9DAC72542C71F06500DAE5AB /* DogPicsLibrary */,
			);
			productName = FetchImages;
			productReference = 9D8F2A542C6F031A0024BA51 /* FetchImages.app */;
			productType = "com.apple.product-type.application";
		};
/* End PBXNativeTarget section */

/* Begin PBXProject section */
		9D8F2A4C2C6F03190024BA51 /* Project object */ = {
			isa = PBXProject;
			attributes = {
				BuildIndependentTargetsInParallel = 1;
				LastSwiftUpdateCheck = 1540;
				LastUpgradeCheck = 1540;
				TargetAttributes = {
					9D8F2A532C6F031A0024BA51 = {
						CreatedOnToolsVersion = 15.4;
					};
				};
			};
			buildConfigurationList = 9D8F2A4F2C6F03190024BA51 /* Build configuration list for PBXProject "FetchImages" */;
			compatibilityVersion = "Xcode 14.0";
			developmentRegion = en;
			hasScannedForEncodings = 0;
			knownRegions = (
				en,
				Base,
			);
			mainGroup = 9D8F2A4B2C6F03190024BA51;
			packageReferences = (
				9DAC72532C71F06500DAE5AB /* XCRemoteSwiftPackageReference "DogPicsLibrary" */,
			);
			productRefGroup = 9D8F2A552C6F031A0024BA51 /* Products */;
			projectDirPath = "";
			projectRoot = "";
			targets = (
				9D8F2A532C6F031A0024BA51 /* FetchImages */,
			);
		};
/* End PBXProject section */

/* Begin PBXResourcesBuildPhase section */
		9D8F2A522C6F031A0024BA51 /* Resources */ = {
			isa = PBXResourcesBuildPhase;
			buildActionMask = 2147483647;
			files = (
				9D8F2A612C6F031A0024BA51 /* Assets.xcassets in Resources */,
				9D8F2A642C6F031A0024BA51 /* Base in Resources */,
				9D8F2A5F2C6F031A0024BA51 /* Base in Resources */,
			);
			runOnlyForDeploymentPostprocessing = 0;
		};
/* End PBXResourcesBuildPhase section */

/* Begin PBXSourcesBuildPhase section */
		9D8F2A502C6F031A0024BA51 /* Sources */ = {
			isa = PBXSourcesBuildPhase;
			buildActionMask = 2147483647;
			files = (
				9D8F2A712C6F27990024BA51 /* CollectionViewCell.swift in Sources */,
				9D8F2A7A2C6F781F0024BA51 /* ImageViewController + CollectionView.swift in Sources */,
				9D8F2A6F2C6F258C0024BA51 /* ImageViewController.swift in Sources */,
				9DDF4F662C707ABB00703BB7 /* ImageService.swift in Sources */,
				9D8F2A5C2C6F031A0024BA51 /* HomeViewController.swift in Sources */,
				9D8F2A582C6F031A0024BA51 /* AppDelegate.swift in Sources */,
				9D8F2A762C6F71E70024BA51 /* Database.xcdatamodeld in Sources */,
				9D8F2A782C6F721C0024BA51 /* CoreDataManager.swift in Sources */,
				9DDF4F642C707A2000703BB7 /* ImageControllerViewModel.swift in Sources */,
				9D8F2A5A2C6F031A0024BA51 /* SceneDelegate.swift in Sources */,
			);
			runOnlyForDeploymentPostprocessing = 0;
		};
/* End PBXSourcesBuildPhase section */

/* Begin PBXVariantGroup section */
		9D8F2A5D2C6F031A0024BA51 /* Main.storyboard */ = {
			isa = PBXVariantGroup;
			children = (
				9D8F2A5E2C6F031A0024BA51 /* Base */,
			);
			name = Main.storyboard;
			sourceTree = "<group>";
		};
		9D8F2A622C6F031A0024BA51 /* LaunchScreen.storyboard */ = {
			isa = PBXVariantGroup;
			children = (
				9D8F2A632C6F031A0024BA51 /* Base */,
			);
			name = LaunchScreen.storyboard;
			sourceTree = "<group>";
		};
/* End PBXVariantGroup section */

/* Begin XCBuildConfiguration section */
		9D8F2A662C6F031A0024BA51 /* Debug */ = {
			isa = XCBuildConfiguration;
			buildSettings = {
				ALWAYS_SEARCH_USER_PATHS = NO;
				ASSETCATALOG_COMPILER_GENERATE_SWIFT_ASSET_SYMBOL_EXTENSIONS = YES;
				CLANG_ANALYZER_NONNULL = YES;
				CLANG_ANALYZER_NUMBER_OBJECT_CONVERSION = YES_AGGRESSIVE;
				CLANG_CXX_LANGUAGE_STANDARD = "gnu++20";
				CLANG_ENABLE_MODULES = YES;
				CLANG_ENABLE_OBJC_ARC = YES;
				CLANG_ENABLE_OBJC_WEAK = YES;
				CLANG_WARN_BLOCK_CAPTURE_AUTORELEASING = YES;
				CLANG_WARN_BOOL_CONVERSION = YES;
				CLANG_WARN_COMMA = YES;
				CLANG_WARN_CONSTANT_CONVERSION = YES;
				CLANG_WARN_DEPRECATED_OBJC_IMPLEMENTATIONS = YES;
				CLANG_WARN_DIRECT_OBJC_ISA_USAGE = YES_ERROR;
				CLANG_WARN_DOCUMENTATION_COMMENTS = YES;
				CLANG_WARN_EMPTY_BODY = YES;
				CLANG_WARN_ENUM_CONVERSION = YES;
				CLANG_WARN_INFINITE_RECURSION = YES;
				CLANG_WARN_INT_CONVERSION = YES;
				CLANG_WARN_NON_LITERAL_NULL_CONVERSION = YES;
				CLANG_WARN_OBJC_IMPLICIT_RETAIN_SELF = YES;
				CLANG_WARN_OBJC_LITERAL_CONVERSION = YES;
				CLANG_WARN_OBJC_ROOT_CLASS = YES_ERROR;
				CLANG_WARN_QUOTED_INCLUDE_IN_FRAMEWORK_HEADER = YES;
				CLANG_WARN_RANGE_LOOP_ANALYSIS = YES;
				CLANG_WARN_STRICT_PROTOTYPES = YES;
				CLANG_WARN_SUSPICIOUS_MOVE = YES;
				CLANG_WARN_UNGUARDED_AVAILABILITY = YES_AGGRESSIVE;
				CLANG_WARN_UNREACHABLE_CODE = YES;
				CLANG_WARN__DUPLICATE_METHOD_MATCH = YES;
				COPY_PHASE_STRIP = NO;
				DEBUG_INFORMATION_FORMAT = dwarf;
				ENABLE_STRICT_OBJC_MSGSEND = YES;
				ENABLE_TESTABILITY = YES;
				ENABLE_USER_SCRIPT_SANDBOXING = YES;
				GCC_C_LANGUAGE_STANDARD = gnu17;
				GCC_DYNAMIC_NO_PIC = NO;
				GCC_NO_COMMON_BLOCKS = YES;
				GCC_OPTIMIZATION_LEVEL = 0;
				GCC_PREPROCESSOR_DEFINITIONS = (
					"DEBUG=1",
					"$(inherited)",
				);
				GCC_WARN_64_TO_32_BIT_CONVERSION = YES;
				GCC_WARN_ABOUT_RETURN_TYPE = YES_ERROR;
				GCC_WARN_UNDECLARED_SELECTOR = YES;
				GCC_WARN_UNINITIALIZED_AUTOS = YES_AGGRESSIVE;
				GCC_WARN_UNUSED_FUNCTION = YES;
				GCC_WARN_UNUSED_VARIABLE = YES;
				IPHONEOS_DEPLOYMENT_TARGET = 13.0;
				LOCALIZATION_PREFERS_STRING_CATALOGS = YES;
				MTL_ENABLE_DEBUG_INFO = INCLUDE_SOURCE;
				MTL_FAST_MATH = YES;
				ONLY_ACTIVE_ARCH = YES;
				SDKROOT = iphoneos;
				SWIFT_ACTIVE_COMPILATION_CONDITIONS = "DEBUG $(inherited)";
				SWIFT_OPTIMIZATION_LEVEL = "-Onone";
			};
			name = Debug;
		};
		9D8F2A672C6F031A0024BA51 /* Release */ = {
			isa = XCBuildConfiguration;
			buildSettings = {
				ALWAYS_SEARCH_USER_PATHS = NO;
				ASSETCATALOG_COMPILER_GENERATE_SWIFT_ASSET_SYMBOL_EXTENSIONS = YES;
				CLANG_ANALYZER_NONNULL = YES;
				CLANG_ANALYZER_NUMBER_OBJECT_CONVERSION = YES_AGGRESSIVE;
				CLANG_CXX_LANGUAGE_STANDARD = "gnu++20";
				CLANG_ENABLE_MODULES = YES;
				CLANG_ENABLE_OBJC_ARC = YES;
				CLANG_ENABLE_OBJC_WEAK = YES;
				CLANG_WARN_BLOCK_CAPTURE_AUTORELEASING = YES;
				CLANG_WARN_BOOL_CONVERSION = YES;
				CLANG_WARN_COMMA = YES;
				CLANG_WARN_CONSTANT_CONVERSION = YES;
				CLANG_WARN_DEPRECATED_OBJC_IMPLEMENTATIONS = YES;
				CLANG_WARN_DIRECT_OBJC_ISA_USAGE = YES_ERROR;
				CLANG_WARN_DOCUMENTATION_COMMENTS = YES;
				CLANG_WARN_EMPTY_BODY = YES;
				CLANG_WARN_ENUM_CONVERSION = YES;
				CLANG_WARN_INFINITE_RECURSION = YES;
				CLANG_WARN_INT_CONVERSION = YES;
				CLANG_WARN_NON_LITERAL_NULL_CONVERSION = YES;
				CLANG_WARN_OBJC_IMPLICIT_RETAIN_SELF = YES;
				CLANG_WARN_OBJC_LITERAL_CONVERSION = YES;
				CLANG_WARN_OBJC_ROOT_CLASS = YES_ERROR;
				CLANG_WARN_QUOTED_INCLUDE_IN_FRAMEWORK_HEADER = YES;
				CLANG_WARN_RANGE_LOOP_ANALYSIS = YES;
				CLANG_WARN_STRICT_PROTOTYPES = YES;
				CLANG_WARN_SUSPICIOUS_MOVE = YES;
				CLANG_WARN_UNGUARDED_AVAILABILITY = YES_AGGRESSIVE;
				CLANG_WARN_UNREACHABLE_CODE = YES;
				CLANG_WARN__DUPLICATE_METHOD_MATCH = YES;
				COPY_PHASE_STRIP = NO;
				DEBUG_INFORMATION_FORMAT = "dwarf-with-dsym";
				ENABLE_NS_ASSERTIONS = NO;
				ENABLE_STRICT_OBJC_MSGSEND = YES;
				ENABLE_USER_SCRIPT_SANDBOXING = YES;
				GCC_C_LANGUAGE_STANDARD = gnu17;
				GCC_NO_COMMON_BLOCKS = YES;
				GCC_WARN_64_TO_32_BIT_CONVERSION = YES;
				GCC_WARN_ABOUT_RETURN_TYPE = YES_ERROR;
				GCC_WARN_UNDECLARED_SELECTOR = YES;
				GCC_WARN_UNINITIALIZED_AUTOS = YES_AGGRESSIVE;
				GCC_WARN_UNUSED_FUNCTION = YES;
				GCC_WARN_UNUSED_VARIABLE = YES;
				IPHONEOS_DEPLOYMENT_TARGET = 13.0;
				LOCALIZATION_PREFERS_STRING_CATALOGS = YES;
				MTL_ENABLE_DEBUG_INFO = NO;
				MTL_FAST_MATH = YES;
				SDKROOT = iphoneos;
				SWIFT_COMPILATION_MODE = wholemodule;
				VALIDATE_PRODUCT = YES;
			};
			name = Release;
		};
		9D8F2A692C6F031A0024BA51 /* Debug */ = {
			isa = XCBuildConfiguration;
			buildSettings = {
				ASSETCATALOG_COMPILER_APPICON_NAME = AppIcon;
				ASSETCATALOG_COMPILER_GLOBAL_ACCENT_COLOR_NAME = AccentColor;
				CODE_SIGN_STYLE = Manual;
				CURRENT_PROJECT_VERSION = 1;
				DEVELOPMENT_TEAM = "";
				GENERATE_INFOPLIST_FILE = YES;
				INFOPLIST_FILE = FetchImages/Info.plist;
				INFOPLIST_KEY_UIApplicationSupportsIndirectInputEvents = YES;
				INFOPLIST_KEY_UILaunchStoryboardName = LaunchScreen;
				INFOPLIST_KEY_UIMainStoryboardFile = Main;
				INFOPLIST_KEY_UIStatusBarStyle = "";
				INFOPLIST_KEY_UISupportedInterfaceOrientations_iPad = "UIInterfaceOrientationPortrait UIInterfaceOrientationPortraitUpsideDown UIInterfaceOrientationLandscapeLeft UIInterfaceOrientationLandscapeRight";
				INFOPLIST_KEY_UISupportedInterfaceOrientations_iPhone = "UIInterfaceOrientationPortrait UIInterfaceOrientationLandscapeLeft UIInterfaceOrientationLandscapeRight";
				LD_RUNPATH_SEARCH_PATHS = (
					"$(inherited)",
					"@executable_path/Frameworks",
				);
				MARKETING_VERSION = 1.0;
				PRODUCT_BUNDLE_IDENTIFIER = com.test.FetchImages;
				PRODUCT_NAME = "$(TARGET_NAME)";
				PROVISIONING_PROFILE_SPECIFIER = "";
				SUPPORTED_PLATFORMS = "iphoneos iphonesimulator";
				SUPPORTS_MACCATALYST = NO;
				SUPPORTS_MAC_DESIGNED_FOR_IPHONE_IPAD = NO;
				SUPPORTS_XR_DESIGNED_FOR_IPHONE_IPAD = NO;
				SWIFT_EMIT_LOC_STRINGS = YES;
				SWIFT_VERSION = 5.0;
				TARGETED_DEVICE_FAMILY = "1,2";
			};
			name = Debug;
		};
		9D8F2A6A2C6F031A0024BA51 /* Release */ = {
			isa = XCBuildConfiguration;
			buildSettings = {
				ASSETCATALOG_COMPILER_APPICON_NAME = AppIcon;
				ASSETCATALOG_COMPILER_GLOBAL_ACCENT_COLOR_NAME = AccentColor;
				CODE_SIGN_STYLE = Manual;
				CURRENT_PROJECT_VERSION = 1;
				DEVELOPMENT_TEAM = "";
				GENERATE_INFOPLIST_FILE = YES;
				INFOPLIST_FILE = FetchImages/Info.plist;
				INFOPLIST_KEY_UIApplicationSupportsIndirectInputEvents = YES;
				INFOPLIST_KEY_UILaunchStoryboardName = LaunchScreen;
				INFOPLIST_KEY_UIMainStoryboardFile = Main;
				INFOPLIST_KEY_UIStatusBarStyle = "";
				INFOPLIST_KEY_UISupportedInterfaceOrientations_iPad = "UIInterfaceOrientationPortrait UIInterfaceOrientationPortraitUpsideDown UIInterfaceOrientationLandscapeLeft UIInterfaceOrientationLandscapeRight";
				INFOPLIST_KEY_UISupportedInterfaceOrientations_iPhone = "UIInterfaceOrientationPortrait UIInterfaceOrientationLandscapeLeft UIInterfaceOrientationLandscapeRight";
				LD_RUNPATH_SEARCH_PATHS = (
					"$(inherited)",
					"@executable_path/Frameworks",
				);
				MARKETING_VERSION = 1.0;
				PRODUCT_BUNDLE_IDENTIFIER = com.test.FetchImages;
				PRODUCT_NAME = "$(TARGET_NAME)";
				PROVISIONING_PROFILE_SPECIFIER = "";
				SUPPORTED_PLATFORMS = "iphoneos iphonesimulator";
				SUPPORTS_MACCATALYST = NO;
				SUPPORTS_MAC_DESIGNED_FOR_IPHONE_IPAD = NO;
				SUPPORTS_XR_DESIGNED_FOR_IPHONE_IPAD = NO;
				SWIFT_EMIT_LOC_STRINGS = YES;
				SWIFT_VERSION = 5.0;
				TARGETED_DEVICE_FAMILY = "1,2";
			};
			name = Release;
		};
/* End XCBuildConfiguration section */

/* Begin XCConfigurationList section */
		9D8F2A4F2C6F03190024BA51 /* Build configuration list for PBXProject "FetchImages" */ = {
			isa = XCConfigurationList;
			buildConfigurations = (
				9D8F2A662C6F031A0024BA51 /* Debug */,
				9D8F2A672C6F031A0024BA51 /* Release */,
			);
			defaultConfigurationIsVisible = 0;
			defaultConfigurationName = Release;
		};
		9D8F2A682C6F031A0024BA51 /* Build configuration list for PBXNativeTarget "FetchImages" */ = {
			isa = XCConfigurationList;
			buildConfigurations = (
				9D8F2A692C6F031A0024BA51 /* Debug */,
				9D8F2A6A2C6F031A0024BA51 /* Release */,
			);
			defaultConfigurationIsVisible = 0;
			defaultConfigurationName = Release;
		};
/* End XCConfigurationList section */

/* Begin XCRemoteSwiftPackageReference section */
		9DAC72532C71F06500DAE5AB /* XCRemoteSwiftPackageReference "DogPicsLibrary" */ = {
			isa = XCRemoteSwiftPackageReference;
			repositoryURL = "https://github.com/shravan3793/DogPicsLibrary.git";
			requirement = {
				kind = upToNextMajorVersion;
				minimumVersion = 1.0.0;
			};
		};
/* End XCRemoteSwiftPackageReference section */

/* Begin XCSwiftPackageProductDependency section */
		9DAC72542C71F06500DAE5AB /* DogPicsLibrary */ = {
			isa = XCSwiftPackageProductDependency;
			package = 9DAC72532C71F06500DAE5AB /* XCRemoteSwiftPackageReference "DogPicsLibrary" */;
			productName = DogPicsLibrary;
		};
/* End XCSwiftPackageProductDependency section */

/* Begin XCVersionGroup section */
		9D8F2A742C6F71E70024BA51 /* Database.xcdatamodeld */ = {
			isa = XCVersionGroup;
			children = (
				9D8F2A752C6F71E70024BA51 /* Database.xcdatamodel */,
			);
			currentVersion = 9D8F2A752C6F71E70024BA51 /* Database.xcdatamodel */;
			path = Database.xcdatamodeld;
			sourceTree = "<group>";
			versionGroupType = wrapper.xcdatamodel;
		};
/* End XCVersionGroup section */
	};
	rootObject = 9D8F2A4C2C6F03190024BA51 /* Project object */;
}
